// !$*UTF8*$!
{
	archiveVersion = 1;
	classes = {
	};
	objectVersion = 52;
	objects = {

/* Begin PBXBuildFile section */
		488337DC24F55466007E9BBF /* AppDelegate.swift in Sources */ = {isa = PBXBuildFile; fileRef = 488337DB24F55466007E9BBF /* AppDelegate.swift */; };
		488337DE24F55466007E9BBF /* SceneDelegate.swift in Sources */ = {isa = PBXBuildFile; fileRef = 488337DD24F55466007E9BBF /* SceneDelegate.swift */; };
		488337E324F55466007E9BBF /* Main.storyboard in Resources */ = {isa = PBXBuildFile; fileRef = 488337E124F55466007E9BBF /* Main.storyboard */; };
		488337E524F55469007E9BBF /* Assets.xcassets in Resources */ = {isa = PBXBuildFile; fileRef = 488337E424F55469007E9BBF /* Assets.xcassets */; };
		488337E824F55469007E9BBF /* LaunchScreen.storyboard in Resources */ = {isa = PBXBuildFile; fileRef = 488337E624F55469007E9BBF /* LaunchScreen.storyboard */; };
		488337F324F55469007E9BBF /* BreakingBadTests.swift in Sources */ = {isa = PBXBuildFile; fileRef = 488337F224F55469007E9BBF /* BreakingBadTests.swift */; };
		488337FF24F55633007E9BBF /* Alamofire in Frameworks */ = {isa = PBXBuildFile; productRef = 488337FE24F55633007E9BBF /* Alamofire */; };
		4883380424F556C5007E9BBF /* Character.swift in Sources */ = {isa = PBXBuildFile; fileRef = 4883380324F556C5007E9BBF /* Character.swift */; };
		4883380624F55771007E9BBF /* CharacterViewModel.swift in Sources */ = {isa = PBXBuildFile; fileRef = 4883380524F55771007E9BBF /* CharacterViewModel.swift */; };
		4883380924F55892007E9BBF /* UIImageView+extension.swift in Sources */ = {isa = PBXBuildFile; fileRef = 4883380824F55892007E9BBF /* UIImageView+extension.swift */; };
		4883380B24F55B02007E9BBF /* BadCharacterListViewController.swift in Sources */ = {isa = PBXBuildFile; fileRef = 4883380A24F55B02007E9BBF /* BadCharacterListViewController.swift */; };
		4883380D24F55BD3007E9BBF /* CharacterListViewModel.swift in Sources */ = {isa = PBXBuildFile; fileRef = 4883380C24F55BD3007E9BBF /* CharacterListViewModel.swift */; };
		4883380F24F55CF6007E9BBF /* Environment.swift in Sources */ = {isa = PBXBuildFile; fileRef = 4883380E24F55CF6007E9BBF /* Environment.swift */; };
		4883381824F58113007E9BBF /* BadCharacterTableViewCell.swift in Sources */ = {isa = PBXBuildFile; fileRef = 4883381624F58113007E9BBF /* BadCharacterTableViewCell.swift */; };
		4883381924F58113007E9BBF /* BadCharacterTableViewCell.xib in Resources */ = {isa = PBXBuildFile; fileRef = 4883381724F58113007E9BBF /* BadCharacterTableViewCell.xib */; };
		4883381C24F5875D007E9BBF /* AlamofireImage in Frameworks */ = {isa = PBXBuildFile; productRef = 4883381B24F5875D007E9BBF /* AlamofireImage */; };
		4883381E24F593FF007E9BBF /* DetailCharacterViewController.swift in Sources */ = {isa = PBXBuildFile; fileRef = 4883381D24F593FF007E9BBF /* DetailCharacterViewController.swift */; };
		4883382024F65D01007E9BBF /* FilterViewController.swift in Sources */ = {isa = PBXBuildFile; fileRef = 4883381F24F65D01007E9BBF /* FilterViewController.swift */; };
		48E0D91624F688C500CFCCBC /* data.json in Resources */ = {isa = PBXBuildFile; fileRef = 48E0D91524F688C500CFCCBC /* data.json */; };
		48E0D91824F68B4A00CFCCBC /* CharacterViewModelTests.swift in Sources */ = {isa = PBXBuildFile; fileRef = 48E0D91724F68B4A00CFCCBC /* CharacterViewModelTests.swift */; };
		48E0D91A24F690A400CFCCBC /* CharacterListViewModelTests.swift in Sources */ = {isa = PBXBuildFile; fileRef = 48E0D91924F690A400CFCCBC /* CharacterListViewModelTests.swift */; };
		48E0D91C24F693C900CFCCBC /* BadCharacterTableViewCellTests.swift in Sources */ = {isa = PBXBuildFile; fileRef = 48E0D91B24F693C900CFCCBC /* BadCharacterTableViewCellTests.swift */; };
/* End PBXBuildFile section */

/* Begin PBXContainerItemProxy section */
		488337EF24F55469007E9BBF /* PBXContainerItemProxy */ = {
			isa = PBXContainerItemProxy;
			containerPortal = 488337D024F55466007E9BBF /* Project object */;
			proxyType = 1;
			remoteGlobalIDString = 488337D724F55466007E9BBF;
			remoteInfo = BreakingBad;
		};
/* End PBXContainerItemProxy section */

/* Begin PBXFileReference section */
		488337D824F55466007E9BBF /* BreakingBad.app */ = {isa = PBXFileReference; explicitFileType = wrapper.application; includeInIndex = 0; path = BreakingBad.app; sourceTree = BUILT_PRODUCTS_DIR; };
		488337DB24F55466007E9BBF /* AppDelegate.swift */ = {isa = PBXFileReference; lastKnownFileType = sourcecode.swift; path = AppDelegate.swift; sourceTree = "<group>"; };
		488337DD24F55466007E9BBF /* SceneDelegate.swift */ = {isa = PBXFileReference; lastKnownFileType = sourcecode.swift; path = SceneDelegate.swift; sourceTree = "<group>"; };
		488337E224F55466007E9BBF /* Base */ = {isa = PBXFileReference; lastKnownFileType = file.storyboard; name = Base; path = Base.lproj/Main.storyboard; sourceTree = "<group>"; };
		488337E424F55469007E9BBF /* Assets.xcassets */ = {isa = PBXFileReference; lastKnownFileType = folder.assetcatalog; path = Assets.xcassets; sourceTree = "<group>"; };
		488337E724F55469007E9BBF /* Base */ = {isa = PBXFileReference; lastKnownFileType = file.storyboard; name = Base; path = Base.lproj/LaunchScreen.storyboard; sourceTree = "<group>"; };
		488337E924F55469007E9BBF /* Info.plist */ = {isa = PBXFileReference; lastKnownFileType = text.plist.xml; path = Info.plist; sourceTree = "<group>"; };
		488337EE24F55469007E9BBF /* BreakingBadTests.xctest */ = {isa = PBXFileReference; explicitFileType = wrapper.cfbundle; includeInIndex = 0; path = BreakingBadTests.xctest; sourceTree = BUILT_PRODUCTS_DIR; };
		488337F224F55469007E9BBF /* BreakingBadTests.swift */ = {isa = PBXFileReference; lastKnownFileType = sourcecode.swift; path = BreakingBadTests.swift; sourceTree = "<group>"; };
		488337F424F55469007E9BBF /* Info.plist */ = {isa = PBXFileReference; lastKnownFileType = text.plist.xml; path = Info.plist; sourceTree = "<group>"; };
		4883380324F556C5007E9BBF /* Character.swift */ = {isa = PBXFileReference; lastKnownFileType = sourcecode.swift; path = Character.swift; sourceTree = "<group>"; };
		4883380524F55771007E9BBF /* CharacterViewModel.swift */ = {isa = PBXFileReference; lastKnownFileType = sourcecode.swift; path = CharacterViewModel.swift; sourceTree = "<group>"; };
		4883380824F55892007E9BBF /* UIImageView+extension.swift */ = {isa = PBXFileReference; lastKnownFileType = sourcecode.swift; path = "UIImageView+extension.swift"; sourceTree = "<group>"; };
		4883380A24F55B02007E9BBF /* BadCharacterListViewController.swift */ = {isa = PBXFileReference; lastKnownFileType = sourcecode.swift; path = BadCharacterListViewController.swift; sourceTree = "<group>"; };
		4883380C24F55BD3007E9BBF /* CharacterListViewModel.swift */ = {isa = PBXFileReference; lastKnownFileType = sourcecode.swift; path = CharacterListViewModel.swift; sourceTree = "<group>"; };
		4883380E24F55CF6007E9BBF /* Environment.swift */ = {isa = PBXFileReference; lastKnownFileType = sourcecode.swift; path = Environment.swift; sourceTree = "<group>"; };
		4883381624F58113007E9BBF /* BadCharacterTableViewCell.swift */ = {isa = PBXFileReference; lastKnownFileType = sourcecode.swift; path = BadCharacterTableViewCell.swift; sourceTree = "<group>"; };
		4883381724F58113007E9BBF /* BadCharacterTableViewCell.xib */ = {isa = PBXFileReference; lastKnownFileType = file.xib; path = BadCharacterTableViewCell.xib; sourceTree = "<group>"; };
		4883381D24F593FF007E9BBF /* DetailCharacterViewController.swift */ = {isa = PBXFileReference; lastKnownFileType = sourcecode.swift; path = DetailCharacterViewController.swift; sourceTree = "<group>"; };
		4883381F24F65D01007E9BBF /* FilterViewController.swift */ = {isa = PBXFileReference; lastKnownFileType = sourcecode.swift; path = FilterViewController.swift; sourceTree = "<group>"; };
		48E0D91524F688C500CFCCBC /* data.json */ = {isa = PBXFileReference; lastKnownFileType = text.json; path = data.json; sourceTree = "<group>"; };
		48E0D91724F68B4A00CFCCBC /* CharacterViewModelTests.swift */ = {isa = PBXFileReference; lastKnownFileType = sourcecode.swift; path = CharacterViewModelTests.swift; sourceTree = "<group>"; };
		48E0D91924F690A400CFCCBC /* CharacterListViewModelTests.swift */ = {isa = PBXFileReference; lastKnownFileType = sourcecode.swift; path = CharacterListViewModelTests.swift; sourceTree = "<group>"; };
		48E0D91B24F693C900CFCCBC /* BadCharacterTableViewCellTests.swift */ = {isa = PBXFileReference; lastKnownFileType = sourcecode.swift; path = BadCharacterTableViewCellTests.swift; sourceTree = "<group>"; };
/* End PBXFileReference section */

/* Begin PBXFrameworksBuildPhase section */
		488337D524F55466007E9BBF /* Frameworks */ = {
			isa = PBXFrameworksBuildPhase;
			buildActionMask = 2147483647;
			files = (
				488337FF24F55633007E9BBF /* Alamofire in Frameworks */,
				4883381C24F5875D007E9BBF /* AlamofireImage in Frameworks */,
			);
			runOnlyForDeploymentPostprocessing = 0;
		};
		488337EB24F55469007E9BBF /* Frameworks */ = {
			isa = PBXFrameworksBuildPhase;
			buildActionMask = 2147483647;
			files = (
			);
			runOnlyForDeploymentPostprocessing = 0;
		};
/* End PBXFrameworksBuildPhase section */

/* Begin PBXGroup section */
		488337CF24F55466007E9BBF = {
			isa = PBXGroup;
			children = (
				488337DA24F55466007E9BBF /* BreakingBad */,
				488337F124F55469007E9BBF /* BreakingBadTests */,
				488337D924F55466007E9BBF /* Products */,
			);
			sourceTree = "<group>";
		};
		488337D924F55466007E9BBF /* Products */ = {
			isa = PBXGroup;
			children = (
				488337D824F55466007E9BBF /* BreakingBad.app */,
				488337EE24F55469007E9BBF /* BreakingBadTests.xctest */,
			);
			name = Products;
			sourceTree = "<group>";
		};
		488337DA24F55466007E9BBF /* BreakingBad */ = {
			isa = PBXGroup;
			children = (
				4883380724F55872007E9BBF /* Helper */,
				4883380224F55662007E9BBF /* View */,
				4883380124F5565B007E9BBF /* ViewModel */,
				4883380024F5564D007E9BBF /* Model */,
				488337DB24F55466007E9BBF /* AppDelegate.swift */,
				488337DD24F55466007E9BBF /* SceneDelegate.swift */,
				488337E124F55466007E9BBF /* Main.storyboard */,
				488337E424F55469007E9BBF /* Assets.xcassets */,
				488337E624F55469007E9BBF /* LaunchScreen.storyboard */,
				488337E924F55469007E9BBF /* Info.plist */,
			);
			path = BreakingBad;
			sourceTree = "<group>";
		};
		488337F124F55469007E9BBF /* BreakingBadTests */ = {
			isa = PBXGroup;
			children = (
				488337F224F55469007E9BBF /* BreakingBadTests.swift */,
				488337F424F55469007E9BBF /* Info.plist */,
				48E0D91524F688C500CFCCBC /* data.json */,
				48E0D91724F68B4A00CFCCBC /* CharacterViewModelTests.swift */,
				48E0D91924F690A400CFCCBC /* CharacterListViewModelTests.swift */,
				48E0D91B24F693C900CFCCBC /* BadCharacterTableViewCellTests.swift */,
			);
			path = BreakingBadTests;
			sourceTree = "<group>";
		};
		4883380024F5564D007E9BBF /* Model */ = {
			isa = PBXGroup;
			children = (
				4883380324F556C5007E9BBF /* Character.swift */,
			);
			path = Model;
			sourceTree = "<group>";
		};
		4883380124F5565B007E9BBF /* ViewModel */ = {
			isa = PBXGroup;
			children = (
				4883380524F55771007E9BBF /* CharacterViewModel.swift */,
				4883380C24F55BD3007E9BBF /* CharacterListViewModel.swift */,
			);
			path = ViewModel;
			sourceTree = "<group>";
		};
		4883380224F55662007E9BBF /* View */ = {
			isa = PBXGroup;
			children = (
				4883380A24F55B02007E9BBF /* BadCharacterListViewController.swift */,
				4883381624F58113007E9BBF /* BadCharacterTableViewCell.swift */,
				4883381724F58113007E9BBF /* BadCharacterTableViewCell.xib */,
				4883381D24F593FF007E9BBF /* DetailCharacterViewController.swift */,
				4883381F24F65D01007E9BBF /* FilterViewController.swift */,
			);
			path = View;
			sourceTree = "<group>";
		};
		4883380724F55872007E9BBF /* Helper */ = {
			isa = PBXGroup;
			children = (
				4883380824F55892007E9BBF /* UIImageView+extension.swift */,
				4883380E24F55CF6007E9BBF /* Environment.swift */,
			);
			path = Helper;
			sourceTree = "<group>";
		};
/* End PBXGroup section */

/* Begin PBXNativeTarget section */
		488337D724F55466007E9BBF /* BreakingBad */ = {
			isa = PBXNativeTarget;
			buildConfigurationList = 488337F724F55469007E9BBF /* Build configuration list for PBXNativeTarget "BreakingBad" */;
			buildPhases = (
				488337D424F55466007E9BBF /* Sources */,
				488337D524F55466007E9BBF /* Frameworks */,
				488337D624F55466007E9BBF /* Resources */,
			);
			buildRules = (
			);
			dependencies = (
			);
			name = BreakingBad;
			packageProductDependencies = (
				488337FE24F55633007E9BBF /* Alamofire */,
				4883381B24F5875D007E9BBF /* AlamofireImage */,
			);
			productName = BreakingBad;
			productReference = 488337D824F55466007E9BBF /* BreakingBad.app */;
			productType = "com.apple.product-type.application";
		};
		488337ED24F55469007E9BBF /* BreakingBadTests */ = {
			isa = PBXNativeTarget;
			buildConfigurationList = 488337FA24F55469007E9BBF /* Build configuration list for PBXNativeTarget "BreakingBadTests" */;
			buildPhases = (
				488337EA24F55469007E9BBF /* Sources */,
				488337EB24F55469007E9BBF /* Frameworks */,
				488337EC24F55469007E9BBF /* Resources */,
			);
			buildRules = (
			);
			dependencies = (
				488337F024F55469007E9BBF /* PBXTargetDependency */,
			);
			name = BreakingBadTests;
			productName = BreakingBadTests;
			productReference = 488337EE24F55469007E9BBF /* BreakingBadTests.xctest */;
			productType = "com.apple.product-type.bundle.unit-test";
		};
/* End PBXNativeTarget section */

/* Begin PBXProject section */
		488337D024F55466007E9BBF /* Project object */ = {
			isa = PBXProject;
			attributes = {
				LastSwiftUpdateCheck = 1160;
				LastUpgradeCheck = 1160;
				ORGANIZATIONNAME = "Sheikh Ahmed";
				TargetAttributes = {
					488337D724F55466007E9BBF = {
						CreatedOnToolsVersion = 11.6;
					};
					488337ED24F55469007E9BBF = {
						CreatedOnToolsVersion = 11.6;
						TestTargetID = 488337D724F55466007E9BBF;
					};
				};
			};
			buildConfigurationList = 488337D324F55466007E9BBF /* Build configuration list for PBXProject "BreakingBad" */;
			compatibilityVersion = "Xcode 9.3";
			developmentRegion = en;
			hasScannedForEncodings = 0;
			knownRegions = (
				en,
				Base,
			);
			mainGroup = 488337CF24F55466007E9BBF;
			packageReferences = (
				488337FD24F55633007E9BBF /* XCRemoteSwiftPackageReference "Alamofire" */,
				4883381A24F5875D007E9BBF /* XCRemoteSwiftPackageReference "AlamofireImage" */,
			);
			productRefGroup = 488337D924F55466007E9BBF /* Products */;
			projectDirPath = "";
			projectRoot = "";
			targets = (
				488337D724F55466007E9BBF /* BreakingBad */,
				488337ED24F55469007E9BBF /* BreakingBadTests */,
			);
		};
/* End PBXProject section */

/* Begin PBXResourcesBuildPhase section */
		488337D624F55466007E9BBF /* Resources */ = {
			isa = PBXResourcesBuildPhase;
			buildActionMask = 2147483647;
			files = (
				488337E824F55469007E9BBF /* LaunchScreen.storyboard in Resources */,
				4883381924F58113007E9BBF /* BadCharacterTableViewCell.xib in Resources */,
				488337E524F55469007E9BBF /* Assets.xcassets in Resources */,
				488337E324F55466007E9BBF /* Main.storyboard in Resources */,
			);
			runOnlyForDeploymentPostprocessing = 0;
		};
		488337EC24F55469007E9BBF /* Resources */ = {
			isa = PBXResourcesBuildPhase;
			buildActionMask = 2147483647;
			files = (
				48E0D91624F688C500CFCCBC /* data.json in Resources */,
			);
			runOnlyForDeploymentPostprocessing = 0;
		};
/* End PBXResourcesBuildPhase section */

/* Begin PBXSourcesBuildPhase section */
		488337D424F55466007E9BBF /* Sources */ = {
			isa = PBXSourcesBuildPhase;
			buildActionMask = 2147483647;
			files = (
				4883380624F55771007E9BBF /* CharacterViewModel.swift in Sources */,
				488337DC24F55466007E9BBF /* AppDelegate.swift in Sources */,
				4883380B24F55B02007E9BBF /* BadCharacterListViewController.swift in Sources */,
				4883380F24F55CF6007E9BBF /* Environment.swift in Sources */,
				4883381824F58113007E9BBF /* BadCharacterTableViewCell.swift in Sources */,
				4883382024F65D01007E9BBF /* FilterViewController.swift in Sources */,
				4883381E24F593FF007E9BBF /* DetailCharacterViewController.swift in Sources */,
				4883380D24F55BD3007E9BBF /* CharacterListViewModel.swift in Sources */,
				488337DE24F55466007E9BBF /* SceneDelegate.swift in Sources */,
				4883380924F55892007E9BBF /* UIImageView+extension.swift in Sources */,
				4883380424F556C5007E9BBF /* Character.swift in Sources */,
			);
			runOnlyForDeploymentPostprocessing = 0;
		};
		488337EA24F55469007E9BBF /* Sources */ = {
			isa = PBXSourcesBuildPhase;
			buildActionMask = 2147483647;
			files = (
				48E0D91824F68B4A00CFCCBC /* CharacterViewModelTests.swift in Sources */,
				48E0D91C24F693C900CFCCBC /* BadCharacterTableViewCellTests.swift in Sources */,
				48E0D91A24F690A400CFCCBC /* CharacterListViewModelTests.swift in Sources */,
				488337F324F55469007E9BBF /* BreakingBadTests.swift in Sources */,
			);
			runOnlyForDeploymentPostprocessing = 0;
		};
/* End PBXSourcesBuildPhase section */

/* Begin PBXTargetDependency section */
		488337F024F55469007E9BBF /* PBXTargetDependency */ = {
			isa = PBXTargetDependency;
			target = 488337D724F55466007E9BBF /* BreakingBad */;
			targetProxy = 488337EF24F55469007E9BBF /* PBXContainerItemProxy */;
		};
/* End PBXTargetDependency section */

/* Begin PBXVariantGroup section */
		488337E124F55466007E9BBF /* Main.storyboard */ = {
			isa = PBXVariantGroup;
			children = (
				488337E224F55466007E9BBF /* Base */,
			);
			name = Main.storyboard;
			sourceTree = "<group>";
		};
		488337E624F55469007E9BBF /* LaunchScreen.storyboard */ = {
			isa = PBXVariantGroup;
			children = (
				488337E724F55469007E9BBF /* Base */,
			);
			name = LaunchScreen.storyboard;
			sourceTree = "<group>";
		};
/* End PBXVariantGroup section */

/* Begin XCBuildConfiguration section */
		488337F524F55469007E9BBF /* Debug */ = {
			isa = XCBuildConfiguration;
			buildSettings = {
				ALWAYS_SEARCH_USER_PATHS = NO;
				CLANG_ANALYZER_NONNULL = YES;
				CLANG_ANALYZER_NUMBER_OBJECT_CONVERSION = YES_AGGRESSIVE;
				CLANG_CXX_LANGUAGE_STANDARD = "gnu++14";
				CLANG_CXX_LIBRARY = "libc++";
				CLANG_ENABLE_MODULES = YES;
				CLANG_ENABLE_OBJC_ARC = YES;
				CLANG_ENABLE_OBJC_WEAK = YES;
				CLANG_WARN_BLOCK_CAPTURE_AUTORELEASING = YES;
				CLANG_WARN_BOOL_CONVERSION = YES;
				CLANG_WARN_COMMA = YES;
				CLANG_WARN_CONSTANT_CONVERSION = YES;
				CLANG_WARN_DEPRECATED_OBJC_IMPLEMENTATIONS = YES;
				CLANG_WARN_DIRECT_OBJC_ISA_USAGE = YES_ERROR;
				CLANG_WARN_DOCUMENTATION_COMMENTS = YES;
				CLANG_WARN_EMPTY_BODY = YES;
				CLANG_WARN_ENUM_CONVERSION = YES;
				CLANG_WARN_INFINITE_RECURSION = YES;
				CLANG_WARN_INT_CONVERSION = YES;
				CLANG_WARN_NON_LITERAL_NULL_CONVERSION = YES;
				CLANG_WARN_OBJC_IMPLICIT_RETAIN_SELF = YES;
				CLANG_WARN_OBJC_LITERAL_CONVERSION = YES;
				CLANG_WARN_OBJC_ROOT_CLASS = YES_ERROR;
				CLANG_WARN_RANGE_LOOP_ANALYSIS = YES;
				CLANG_WARN_STRICT_PROTOTYPES = YES;
				CLANG_WARN_SUSPICIOUS_MOVE = YES;
				CLANG_WARN_UNGUARDED_AVAILABILITY = YES_AGGRESSIVE;
				CLANG_WARN_UNREACHABLE_CODE = YES;
				CLANG_WARN__DUPLICATE_METHOD_MATCH = YES;
				COPY_PHASE_STRIP = NO;
				DEBUG_INFORMATION_FORMAT = dwarf;
				ENABLE_STRICT_OBJC_MSGSEND = YES;
				ENABLE_TESTABILITY = YES;
				GCC_C_LANGUAGE_STANDARD = gnu11;
				GCC_DYNAMIC_NO_PIC = NO;
				GCC_NO_COMMON_BLOCKS = YES;
				GCC_OPTIMIZATION_LEVEL = 0;
				GCC_PREPROCESSOR_DEFINITIONS = (
					"DEBUG=1",
					"$(inherited)",
				);
				GCC_WARN_64_TO_32_BIT_CONVERSION = YES;
				GCC_WARN_ABOUT_RETURN_TYPE = YES_ERROR;
				GCC_WARN_UNDECLARED_SELECTOR = YES;
				GCC_WARN_UNINITIALIZED_AUTOS = YES_AGGRESSIVE;
				GCC_WARN_UNUSED_FUNCTION = YES;
				GCC_WARN_UNUSED_VARIABLE = YES;
				IPHONEOS_DEPLOYMENT_TARGET = 13.6;
				MTL_ENABLE_DEBUG_INFO = INCLUDE_SOURCE;
				MTL_FAST_MATH = YES;
				ONLY_ACTIVE_ARCH = YES;
				SDKROOT = iphoneos;
				SWIFT_ACTIVE_COMPILATION_CONDITIONS = DEBUG;
				SWIFT_OPTIMIZATION_LEVEL = "-Onone";
			};
			name = Debug;
		};
		488337F624F55469007E9BBF /* Release */ = {
			isa = XCBuildConfiguration;
			buildSettings = {
				ALWAYS_SEARCH_USER_PATHS = NO;
				CLANG_ANALYZER_NONNULL = YES;
				CLANG_ANALYZER_NUMBER_OBJECT_CONVERSION = YES_AGGRESSIVE;
				CLANG_CXX_LANGUAGE_STANDARD = "gnu++14";
				CLANG_CXX_LIBRARY = "libc++";
				CLANG_ENABLE_MODULES = YES;
				CLANG_ENABLE_OBJC_ARC = YES;
				CLANG_ENABLE_OBJC_WEAK = YES;
				CLANG_WARN_BLOCK_CAPTURE_AUTORELEASING = YES;
				CLANG_WARN_BOOL_CONVERSION = YES;
				CLANG_WARN_COMMA = YES;
				CLANG_WARN_CONSTANT_CONVERSION = YES;
				CLANG_WARN_DEPRECATED_OBJC_IMPLEMENTATIONS = YES;
				CLANG_WARN_DIRECT_OBJC_ISA_USAGE = YES_ERROR;
				CLANG_WARN_DOCUMENTATION_COMMENTS = YES;
				CLANG_WARN_EMPTY_BODY = YES;
				CLANG_WARN_ENUM_CONVERSION = YES;
				CLANG_WARN_INFINITE_RECURSION = YES;
				CLANG_WARN_INT_CONVERSION = YES;
				CLANG_WARN_NON_LITERAL_NULL_CONVERSION = YES;
				CLANG_WARN_OBJC_IMPLICIT_RETAIN_SELF = YES;
				CLANG_WARN_OBJC_LITERAL_CONVERSION = YES;
				CLANG_WARN_OBJC_ROOT_CLASS = YES_ERROR;
				CLANG_WARN_RANGE_LOOP_ANALYSIS = YES;
				CLANG_WARN_STRICT_PROTOTYPES = YES;
				CLANG_WARN_SUSPICIOUS_MOVE = YES;
				CLANG_WARN_UNGUARDED_AVAILABILITY = YES_AGGRESSIVE;
				CLANG_WARN_UNREACHABLE_CODE = YES;
				CLANG_WARN__DUPLICATE_METHOD_MATCH = YES;
				COPY_PHASE_STRIP = NO;
				DEBUG_INFORMATION_FORMAT = "dwarf-with-dsym";
				ENABLE_NS_ASSERTIONS = NO;
				ENABLE_STRICT_OBJC_MSGSEND = YES;
				GCC_C_LANGUAGE_STANDARD = gnu11;
				GCC_NO_COMMON_BLOCKS = YES;
				GCC_WARN_64_TO_32_BIT_CONVERSION = YES;
				GCC_WARN_ABOUT_RETURN_TYPE = YES_ERROR;
				GCC_WARN_UNDECLARED_SELECTOR = YES;
				GCC_WARN_UNINITIALIZED_AUTOS = YES_AGGRESSIVE;
				GCC_WARN_UNUSED_FUNCTION = YES;
				GCC_WARN_UNUSED_VARIABLE = YES;
				IPHONEOS_DEPLOYMENT_TARGET = 13.6;
				MTL_ENABLE_DEBUG_INFO = NO;
				MTL_FAST_MATH = YES;
				SDKROOT = iphoneos;
				SWIFT_COMPILATION_MODE = wholemodule;
				SWIFT_OPTIMIZATION_LEVEL = "-O";
				VALIDATE_PRODUCT = YES;
			};
			name = Release;
		};
		488337F824F55469007E9BBF /* Debug */ = {
			isa = XCBuildConfiguration;
			buildSettings = {
				ASSETCATALOG_COMPILER_APPICON_NAME = AppIcon;
				CODE_SIGN_STYLE = Automatic;
				DEVELOPMENT_TEAM = HS6VG8726U;
				INFOPLIST_FILE = BreakingBad/Info.plist;
				LD_RUNPATH_SEARCH_PATHS = (
					"$(inherited)",
					"@executable_path/Frameworks",
				);
				PRODUCT_BUNDLE_IDENTIFIER = eu.jerintel.BreakingBad;
				PRODUCT_NAME = "$(TARGET_NAME)";
				SWIFT_VERSION = 5.0;
				TARGETED_DEVICE_FAMILY = "1,2";
			};
			name = Debug;
		};
		488337F924F55469007E9BBF /* Release */ = {
			isa = XCBuildConfiguration;
			buildSettings = {
				ASSETCATALOG_COMPILER_APPICON_NAME = AppIcon;
				CODE_SIGN_STYLE = Automatic;
				DEVELOPMENT_TEAM = HS6VG8726U;
				INFOPLIST_FILE = BreakingBad/Info.plist;
				LD_RUNPATH_SEARCH_PATHS = (
					"$(inherited)",
					"@executable_path/Frameworks",
				);
				PRODUCT_BUNDLE_IDENTIFIER = eu.jerintel.BreakingBad;
				PRODUCT_NAME = "$(TARGET_NAME)";
				SWIFT_VERSION = 5.0;
				TARGETED_DEVICE_FAMILY = "1,2";
			};
			name = Release;
		};
		488337FB24F55469007E9BBF /* Debug */ = {
			isa = XCBuildConfiguration;
			buildSettings = {
				ALWAYS_EMBED_SWIFT_STANDARD_LIBRARIES = YES;
				BUNDLE_LOADER = "$(TEST_HOST)";
				CODE_SIGN_STYLE = Automatic;
				DEVELOPMENT_TEAM = HS6VG8726U;
				INFOPLIST_FILE = BreakingBadTests/Info.plist;
				IPHONEOS_DEPLOYMENT_TARGET = 13.6;
				LD_RUNPATH_SEARCH_PATHS = (
					"$(inherited)",
					"@executable_path/Frameworks",
					"@loader_path/Frameworks",
				);
				PRODUCT_BUNDLE_IDENTIFIER = eu.jerintel.BreakingBadTests;
				PRODUCT_NAME = "$(TARGET_NAME)";
				SWIFT_VERSION = 5.0;
				TARGETED_DEVICE_FAMILY = "1,2";
				TEST_HOST = "$(BUILT_PRODUCTS_DIR)/BreakingBad.app/BreakingBad";
			};
			name = Debug;
		};
		488337FC24F55469007E9BBF /* Release */ = {
			isa = XCBuildConfiguration;
			buildSettings = {
				ALWAYS_EMBED_SWIFT_STANDARD_LIBRARIES = YES;
				BUNDLE_LOADER = "$(TEST_HOST)";
				CODE_SIGN_STYLE = Automatic;
				DEVELOPMENT_TEAM = HS6VG8726U;
				INFOPLIST_FILE = BreakingBadTests/Info.plist;
				IPHONEOS_DEPLOYMENT_TARGET = 13.6;
				LD_RUNPATH_SEARCH_PATHS = (
					"$(inherited)",
					"@executable_path/Frameworks",
					"@loader_path/Frameworks",
				);
				PRODUCT_BUNDLE_IDENTIFIER = eu.jerintel.BreakingBadTests;
				PRODUCT_NAME = "$(TARGET_NAME)";
				SWIFT_VERSION = 5.0;
				TARGETED_DEVICE_FAMILY = "1,2";
				TEST_HOST = "$(BUILT_PRODUCTS_DIR)/BreakingBad.app/BreakingBad";
			};
			name = Release;
		};
/* End XCBuildConfiguration section */

/* Begin XCConfigurationList section */
		488337D324F55466007E9BBF /* Build configuration list for PBXProject "BreakingBad" */ = {
			isa = XCConfigurationList;
			buildConfigurations = (
				488337F524F55469007E9BBF /* Debug */,
				488337F624F55469007E9BBF /* Release */,
			);
			defaultConfigurationIsVisible = 0;
			defaultConfigurationName = Release;
		};
		488337F724F55469007E9BBF /* Build configuration list for PBXNativeTarget "BreakingBad" */ = {
			isa = XCConfigurationList;
			buildConfigurations = (
				488337F824F55469007E9BBF /* Debug */,
				488337F924F55469007E9BBF /* Release */,
			);
			defaultConfigurationIsVisible = 0;
			defaultConfigurationName = Release;
		};
		488337FA24F55469007E9BBF /* Build configuration list for PBXNativeTarget "BreakingBadTests" */ = {
			isa = XCConfigurationList;
			buildConfigurations = (
				488337FB24F55469007E9BBF /* Debug */,
				488337FC24F55469007E9BBF /* Release */,
			);
			defaultConfigurationIsVisible = 0;
			defaultConfigurationName = Release;
		};
/* End XCConfigurationList section */

/* Begin XCRemoteSwiftPackageReference section */
		488337FD24F55633007E9BBF /* XCRemoteSwiftPackageReference "Alamofire" */ = {
			isa = XCRemoteSwiftPackageReference;
			repositoryURL = "https://github.com/Alamofire/Alamofire";
			requirement = {
				kind = upToNextMajorVersion;
				minimumVersion = 5.2.2;
			};
		};
		4883381A24F5875D007E9BBF /* XCRemoteSwiftPackageReference "AlamofireImage" */ = {
			isa = XCRemoteSwiftPackageReference;
			repositoryURL = "https://github.com/Alamofire/AlamofireImage.git";
			requirement = {
				kind = upToNextMajorVersion;
				minimumVersion = 4.1.0;
			};
		};
/* End XCRemoteSwiftPackageReference section */

/* Begin XCSwiftPackageProductDependency section */
		488337FE24F55633007E9BBF /* Alamofire */ = {
			isa = XCSwiftPackageProductDependency;
			package = 488337FD24F55633007E9BBF /* XCRemoteSwiftPackageReference "Alamofire" */;
			productName = Alamofire;
		};
		4883381B24F5875D007E9BBF /* AlamofireImage */ = {
			isa = XCSwiftPackageProductDependency;
			package = 4883381A24F5875D007E9BBF /* XCRemoteSwiftPackageReference "AlamofireImage" */;
			productName = AlamofireImage;
		};
/* End XCSwiftPackageProductDependency section */
	};
	rootObject = 488337D024F55466007E9BBF /* Project object */;
}
